
Microsoft Visual Studio Solution File, Format Version 12.00
# Visual Studio 15
VisualStudioVersion = 15.0.28307.168
MinimumVisualStudioVersion = 10.0.40219.1
Project("{9A19103F-16F7-4668-BE54-9A1E7A4F7556}") = "HeroesAPI", "HeroesAPI\HeroesAPI.csproj", "{57F1A299-757F-4607-8664-B222427ADFF3}"
EndProject
Project("{FAE04EC0-301F-11D3-BF4B-00C04F79EFBC}") = "DataAccess", "DataAccess\DataAccess.csproj", "{00296A30-7011-45B6-B950-9B353633D49B}"
EndProject
Global
	GlobalSection(SolutionConfigurationPlatforms) = preSolution
		Debug|Any CPU = Debug|Any CPU
		Release|Any CPU = Release|Any CPU
	EndGlobalSection
	GlobalSection(ProjectConfigurationPlatforms) = postSolution
		{57F1A299-757F-4607-8664-B222427ADFF3}.Debug|Any CPU.ActiveCfg = Debug|Any CPU
		{57F1A299-757F-4607-8664-B222427ADFF3}.Debug|Any CPU.Build.0 = Debug|Any CPU
		{57F1A299-757F-4607-8664-B222427ADFF3}.Release|Any CPU.ActiveCfg = Release|Any CPU
		{57F1A299-757F-4607-8664-B222427ADFF3}.Release|Any CPU.Build.0 = Release|Any CPU
		{00296A30-7011-45B6-B950-9B353633D49B}.Debug|Any CPU.ActiveCfg = Debug|Any CPU
		{00296A30-7011-45B6-B950-9B353633D49B}.Debug|Any CPU.Build.0 = Debug|Any CPU
		{00296A30-7011-45B6-B950-9B353633D49B}.Release|Any CPU.ActiveCfg = Release|Any CPU
		{00296A30-7011-45B6-B950-9B353633D49B}.Release|Any CPU.Build.0 = Release|Any CPU
	EndGlobalSection
	GlobalSection(SolutionProperties) = preSolution
		HideSolutionNode = FALSE
	EndGlobalSection
	GlobalSection(ExtensibilityGlobals) = postSolution
		SolutionGuid = {37B7B6F2-0FE3-4CBA-B095-7AE9CFB9CE3C}
	EndGlobalSection
EndGlobal
